
Microsoft Visual Studio Solution File, Format Version 12.00
# Visual Studio Version 17
VisualStudioVersion = 17.5.33530.505
MinimumVisualStudioVersion = 10.0.40219.1
Project("{00D1A9C2-B5F0-4AF3-8072-F6C62B433612}") = "TRMSqlDataDB", "TRMDataDB\TRMSqlDataDB.sqlproj", "{0A3087E7-B98E-465E-BD35-22DF53AC58B1}"
EndProject
Project("{9A19103F-16F7-4668-BE54-9A1E7A4F7556}") = "TRMDesktopUIwpf", "TRMDesktopUIwpf\TRMDesktopUIwpf.csproj", "{12989475-E75F-47DE-AE7A-08D5E1364180}"
EndProject
Project("{9A19103F-16F7-4668-BE54-9A1E7A4F7556}") = "TRMDataManagerLibrary", "TRMDataManagerLibrary\TRMDataManagerLibrary.csproj", "{256D847D-926F-425F-83A3-51AA70A1BE81}"
EndProject
Project("{9A19103F-16F7-4668-BE54-9A1E7A4F7556}") = "TRMDesktopUILibrary", "TRMDesktopUILibrary\TRMDesktopUILibrary.csproj", "{2A254D0D-55C4-450B-B1DB-0D987D823796}"
EndProject
Project("{9A19103F-16F7-4668-BE54-9A1E7A4F7556}") = "TRMApi", "TRMApi\TRMApi.csproj", "{539842C6-4A2E-407A-A767-B5100A36DAF8}"
EndProject
Global
	GlobalSection(SolutionConfigurationPlatforms) = preSolution
		Debug|Any CPU = Debug|Any CPU
		Release|Any CPU = Release|Any CPU
	EndGlobalSection
	GlobalSection(ProjectConfigurationPlatforms) = postSolution
		{0A3087E7-B98E-465E-BD35-22DF53AC58B1}.Debug|Any CPU.ActiveCfg = Debug|Any CPU
		{0A3087E7-B98E-465E-BD35-22DF53AC58B1}.Debug|Any CPU.Build.0 = Debug|Any CPU
		{0A3087E7-B98E-465E-BD35-22DF53AC58B1}.Debug|Any CPU.Deploy.0 = Debug|Any CPU
		{0A3087E7-B98E-465E-BD35-22DF53AC58B1}.Release|Any CPU.ActiveCfg = Release|Any CPU
		{0A3087E7-B98E-465E-BD35-22DF53AC58B1}.Release|Any CPU.Build.0 = Release|Any CPU
		{0A3087E7-B98E-465E-BD35-22DF53AC58B1}.Release|Any CPU.Deploy.0 = Release|Any CPU
		{12989475-E75F-47DE-AE7A-08D5E1364180}.Debug|Any CPU.ActiveCfg = Debug|Any CPU
		{12989475-E75F-47DE-AE7A-08D5E1364180}.Debug|Any CPU.Build.0 = Debug|Any CPU
		{12989475-E75F-47DE-AE7A-08D5E1364180}.Release|Any CPU.ActiveCfg = Release|Any CPU
		{12989475-E75F-47DE-AE7A-08D5E1364180}.Release|Any CPU.Build.0 = Release|Any CPU
		{256D847D-926F-425F-83A3-51AA70A1BE81}.Debug|Any CPU.ActiveCfg = Debug|Any CPU
		{256D847D-926F-425F-83A3-51AA70A1BE81}.Debug|Any CPU.Build.0 = Debug|Any CPU
		{256D847D-926F-425F-83A3-51AA70A1BE81}.Release|Any CPU.ActiveCfg = Release|Any CPU
		{256D847D-926F-425F-83A3-51AA70A1BE81}.Release|Any CPU.Build.0 = Release|Any CPU
		{2A254D0D-55C4-450B-B1DB-0D987D823796}.Debug|Any CPU.ActiveCfg = Debug|Any CPU
		{2A254D0D-55C4-450B-B1DB-0D987D823796}.Debug|Any CPU.Build.0 = Debug|Any CPU
		{2A254D0D-55C4-450B-B1DB-0D987D823796}.Release|Any CPU.ActiveCfg = Release|Any CPU
		{2A254D0D-55C4-450B-B1DB-0D987D823796}.Release|Any CPU.Build.0 = Release|Any CPU
		{539842C6-4A2E-407A-A767-B5100A36DAF8}.Debug|Any CPU.ActiveCfg = Debug|Any CPU
		{539842C6-4A2E-407A-A767-B5100A36DAF8}.Debug|Any CPU.Build.0 = Debug|Any CPU
		{539842C6-4A2E-407A-A767-B5100A36DAF8}.Release|Any CPU.ActiveCfg = Release|Any CPU
		{539842C6-4A2E-407A-A767-B5100A36DAF8}.Release|Any CPU.Build.0 = Release|Any CPU
	EndGlobalSection
	GlobalSection(SolutionProperties) = preSolution
		HideSolutionNode = FALSE
	EndGlobalSection
	GlobalSection(ExtensibilityGlobals) = postSolution
		SolutionGuid = {B366AA02-E302-4D8C-AC5B-CFC2F706F94D}
	EndGlobalSection
EndGlobal
